{
  "name": "wb-hackathon-2022",
  "lockfileVersion": 2,
  "requires": true,
  "packages": {
    "": {
      "dependencies": {
        "@vanilla-extract/css": "^1.9.2",
        "@vanilla-extract/recipes": "^0.3.0",
        "@vanilla-extract/sprinkles": "^1.5.1"
      }
    },
    "node_modules/@babel/runtime": {
      "version": "7.20.1",
      "resolved": "https://registry.npmjs.org/@babel/runtime/-/runtime-7.20.1.tgz",
      "integrity": "sha512-mrzLkl6U9YLF8qpqI7TB82PESyEGjm/0Ly91jG575eVxMMlb8fYfOXFZIJ8XfLrJZQbm7dlKry2bJmXBUEkdFg==",
      "dependencies": {
        "regenerator-runtime": "^0.13.10"
      },
      "engines": {
        "node": ">=6.9.0"
      }
    },
    "node_modules/@emotion/hash": {
      "version": "0.9.0",
      "resolved": "https://registry.npmjs.org/@emotion/hash/-/hash-0.9.0.tgz",
      "integrity": "sha512-14FtKiHhy2QoPIzdTcvh//8OyBlknNs2nXRwIhG904opCby3l+9Xaf/wuPvICBF0rc1ZCNBd3nKe9cd2mecVkQ=="
    },
    "node_modules/@vanilla-extract/css": {
      "version": "1.9.2",
      "resolved": "https://registry.npmjs.org/@vanilla-extract/css/-/css-1.9.2.tgz",
      "integrity": "sha512-CE5+R89LOl9XG5dRwEIvVyl/YcS2GkqjdE/XnGJ+p7Fp6Exu08fifv7tY87XxFeCIRAbc9psM+h4lF+wC3Y0fg==",
      "dependencies": {
        "@emotion/hash": "^0.9.0",
        "@vanilla-extract/private": "^1.0.3",
        "ahocorasick": "1.0.2",
        "chalk": "^4.1.1",
        "css-what": "^5.0.1",
        "cssesc": "^3.0.0",
        "csstype": "^3.0.7",
        "deep-object-diff": "^1.1.0",
        "deepmerge": "^4.2.2",
        "media-query-parser": "^2.0.2",
        "outdent": "^0.8.0"
      }
    },
    "node_modules/@vanilla-extract/private": {
      "version": "1.0.3",
      "resolved": "https://registry.npmjs.org/@vanilla-extract/private/-/private-1.0.3.tgz",
      "integrity": "sha512-17kVyLq3ePTKOkveHxXuIJZtGYs+cSoev7BlP+Lf4916qfDhk/HBjvlYDe8egrea7LNPHKwSZJK/bzZC+Q6AwQ=="
    },
    "node_modules/@vanilla-extract/recipes": {
      "version": "0.3.0",
      "resolved": "https://registry.npmjs.org/@vanilla-extract/recipes/-/recipes-0.3.0.tgz",
      "integrity": "sha512-7wXrgfq1oldKdBfCKen4XmSlDmQR+4o0CQ3WnnLfhQaEtI65xJ774yyQF6dD2CC+hHdW2LFKVXgH5NZRbMQ8Sg==",
      "peerDependencies": {
        "@vanilla-extract/css": "^1.0.0"
      }
    },
    "node_modules/@vanilla-extract/sprinkles": {
      "version": "1.5.1",
      "resolved": "https://registry.npmjs.org/@vanilla-extract/sprinkles/-/sprinkles-1.5.1.tgz",
      "integrity": "sha512-xPYpeEZEC1mhiPqWCBPGdIHkpFaaQIbaAfG9W2JyIW0byqTP7CoaxdYNMPjhZuoV5lkTI14SJg8Bt+fZqmV5yQ==",
      "peerDependencies": {
        "@vanilla-extract/css": "^1.0.0"
      }
    },
    "node_modules/ahocorasick": {
      "version": "1.0.2",
      "resolved": "https://registry.npmjs.org/ahocorasick/-/ahocorasick-1.0.2.tgz",
      "integrity": "sha512-hCOfMzbFx5IDutmWLAt6MZwOUjIfSM9G9FyVxytmE4Rs/5YDPWQrD/+IR1w+FweD9H2oOZEnv36TmkjhNURBVA=="
    },
    "node_modules/ansi-styles": {
      "version": "4.3.0",
      "resolved": "https://registry.npmjs.org/ansi-styles/-/ansi-styles-4.3.0.tgz",
      "integrity": "sha512-zbB9rCJAT1rbjiVDb2hqKFHNYLxgtk8NURxZ3IZwD3F6NtxbXZQCnnSi1Lkx+IDohdPlFp222wVALIheZJQSEg==",
      "dependencies": {
        "color-convert": "^2.0.1"
      },
      "engines": {
        "node": ">=8"
      },
      "funding": {
        "url": "https://github.com/chalk/ansi-styles?sponsor=1"
      }
    },
    "node_modules/chalk": {
      "version": "4.1.2",
      "resolved": "https://registry.npmjs.org/chalk/-/chalk-4.1.2.tgz",
      "integrity": "sha512-oKnbhFyRIXpUuez8iBMmyEa4nbj4IOQyuhc/wy9kY7/WVPcwIO9VA668Pu8RkO7+0G76SLROeyw9CpQ061i4mA==",
      "dependencies": {
        "ansi-styles": "^4.1.0",
        "supports-color": "^7.1.0"
      },
      "engines": {
        "node": ">=10"
      },
      "funding": {
        "url": "https://github.com/chalk/chalk?sponsor=1"
      }
    },
    "node_modules/color-convert": {
      "version": "2.0.1",
      "resolved": "https://registry.npmjs.org/color-convert/-/color-convert-2.0.1.tgz",
      "integrity": "sha512-RRECPsj7iu/xb5oKYcsFHSppFNnsj/52OVTRKb4zP5onXwVF3zVmmToNcOfGC+CRDpfK/U584fMg38ZHCaElKQ==",
      "dependencies": {
        "color-name": "~1.1.4"
      },
      "engines": {
        "node": ">=7.0.0"
      }
    },
    "node_modules/color-name": {
      "version": "1.1.4",
      "resolved": "https://registry.npmjs.org/color-name/-/color-name-1.1.4.tgz",
      "integrity": "sha512-dOy+3AuW3a2wNbZHIuMZpTcgjGuLU/uBL/ubcZF9OXbDo8ff4O8yVp5Bf0efS8uEoYo5q4Fx7dY9OgQGXgAsQA=="
    },
    "node_modules/css-what": {
      "version": "5.1.0",
      "resolved": "https://registry.npmjs.org/css-what/-/css-what-5.1.0.tgz",
      "integrity": "sha512-arSMRWIIFY0hV8pIxZMEfmMI47Wj3R/aWpZDDxWYCPEiOMv6tfOrnpDtgxBYPEQD4V0Y/958+1TdC3iWTFcUPw==",
      "engines": {
        "node": ">= 6"
      },
      "funding": {
        "url": "https://github.com/sponsors/fb55"
      }
    },
    "node_modules/cssesc": {
      "version": "3.0.0",
      "resolved": "https://registry.npmjs.org/cssesc/-/cssesc-3.0.0.tgz",
      "integrity": "sha512-/Tb/JcjK111nNScGob5MNtsntNM1aCNUDipB/TkwZFhyDrrE47SOx/18wF2bbjgc3ZzCSKW1T5nt5EbFoAz/Vg==",
      "bin": {
        "cssesc": "bin/cssesc"
      },
      "engines": {
        "node": ">=4"
      }
    },
    "node_modules/csstype": {
      "version": "3.1.1",
      "resolved": "https://registry.npmjs.org/csstype/-/csstype-3.1.1.tgz",
      "integrity": "sha512-DJR/VvkAvSZW9bTouZue2sSxDwdTN92uHjqeKVm+0dAqdfNykRzQ95tay8aXMBAAPpUiq4Qcug2L7neoRh2Egw=="
    },
    "node_modules/deep-object-diff": {
      "version": "1.1.9",
      "resolved": "https://registry.npmjs.org/deep-object-diff/-/deep-object-diff-1.1.9.tgz",
      "integrity": "sha512-Rn+RuwkmkDwCi2/oXOFS9Gsr5lJZu/yTGpK7wAaAIE75CC+LCGEZHpY6VQJa/RoJcrmaA/docWJZvYohlNkWPA=="
    },
    "node_modules/deepmerge": {
      "version": "4.2.2",
      "resolved": "https://registry.npmjs.org/deepmerge/-/deepmerge-4.2.2.tgz",
      "integrity": "sha512-FJ3UgI4gIl+PHZm53knsuSFpE+nESMr7M4v9QcgB7S63Kj/6WqMiFQJpBBYz1Pt+66bZpP3Q7Lye0Oo9MPKEdg==",
      "engines": {
        "node": ">=0.10.0"
      }
    },
    "node_modules/has-flag": {
      "version": "4.0.0",
      "resolved": "https://registry.npmjs.org/has-flag/-/has-flag-4.0.0.tgz",
      "integrity": "sha512-EykJT/Q1KjTWctppgIAgfSO0tKVuZUjhgMr17kqTumMl6Afv3EISleU7qZUzoXDFTAHTDC4NOoG/ZxU3EvlMPQ==",
      "engines": {
        "node": ">=8"
      }
    },
    "node_modules/media-query-parser": {
      "version": "2.0.2",
      "resolved": "https://registry.npmjs.org/media-query-parser/-/media-query-parser-2.0.2.tgz",
      "integrity": "sha512-1N4qp+jE0pL5Xv4uEcwVUhIkwdUO3S/9gML90nqKA7v7FcOS5vUtatfzok9S9U1EJU8dHWlcv95WLnKmmxZI9w==",
      "dependencies": {
        "@babel/runtime": "^7.12.5"
      }
    },
    "node_modules/outdent": {
      "version": "0.8.0",
      "resolved": "https://registry.npmjs.org/outdent/-/outdent-0.8.0.tgz",
      "integrity": "sha512-KiOAIsdpUTcAXuykya5fnVVT+/5uS0Q1mrkRHcF89tpieSmY33O/tmc54CqwA+bfhbtEfZUNLHaPUiB9X3jt1A=="
    },
    "node_modules/regenerator-runtime": {
      "version": "0.13.11",
      "resolved": "https://registry.npmjs.org/regenerator-runtime/-/regenerator-runtime-0.13.11.tgz",
      "integrity": "sha512-kY1AZVr2Ra+t+piVaJ4gxaFaReZVH40AKNo7UCX6W+dEwBo/2oZJzqfuN1qLq1oL45o56cPaTXELwrTh8Fpggg=="
    },
    "node_modules/supports-color": {
      "version": "7.2.0",
      "resolved": "https://registry.npmjs.org/supports-color/-/supports-color-7.2.0.tgz",
      "integrity": "sha512-qpCAvRl9stuOHveKsn7HncJRvv501qIacKzQlO/+Lwxc9+0q2wLyv4Dfvt80/DPn2pqOBsJdDiogXGR9+OvwRw==",
      "dependencies": {
        "has-flag": "^4.0.0"
      },
      "engines": {
        "node": ">=8"
      }
    }
  },
  "dependencies": {
    "@babel/runtime": {
      "version": "7.20.1",
      "resolved": "https://registry.npmjs.org/@babel/runtime/-/runtime-7.20.1.tgz",
      "integrity": "sha512-mrzLkl6U9YLF8qpqI7TB82PESyEGjm/0Ly91jG575eVxMMlb8fYfOXFZIJ8XfLrJZQbm7dlKry2bJmXBUEkdFg==",
      "requires": {
        "regenerator-runtime": "^0.13.10"
      }
    },
    "@emotion/hash": {
      "version": "0.9.0",
      "resolved": "https://registry.npmjs.org/@emotion/hash/-/hash-0.9.0.tgz",
      "integrity": "sha512-14FtKiHhy2QoPIzdTcvh//8OyBlknNs2nXRwIhG904opCby3l+9Xaf/wuPvICBF0rc1ZCNBd3nKe9cd2mecVkQ=="
    },
    "@vanilla-extract/css": {
      "version": "1.9.2",
      "resolved": "https://registry.npmjs.org/@vanilla-extract/css/-/css-1.9.2.tgz",
      "integrity": "sha512-CE5+R89LOl9XG5dRwEIvVyl/YcS2GkqjdE/XnGJ+p7Fp6Exu08fifv7tY87XxFeCIRAbc9psM+h4lF+wC3Y0fg==",
      "requires": {
        "@emotion/hash": "^0.9.0",
        "@vanilla-extract/private": "^1.0.3",
        "ahocorasick": "1.0.2",
        "chalk": "^4.1.1",
        "css-what": "^5.0.1",
        "cssesc": "^3.0.0",
        "csstype": "^3.0.7",
        "deep-object-diff": "^1.1.0",
        "deepmerge": "^4.2.2",
        "media-query-parser": "^2.0.2",
        "outdent": "^0.8.0"
      }
    },
    "@vanilla-extract/private": {
      "version": "1.0.3",
      "resolved": "https://registry.npmjs.org/@vanilla-extract/private/-/private-1.0.3.tgz",
      "integrity": "sha512-17kVyLq3ePTKOkveHxXuIJZtGYs+cSoev7BlP+Lf4916qfDhk/HBjvlYDe8egrea7LNPHKwSZJK/bzZC+Q6AwQ=="
    },
    "@vanilla-extract/recipes": {
      "version": "0.3.0",
      "resolved": "https://registry.npmjs.org/@vanilla-extract/recipes/-/recipes-0.3.0.tgz",
      "integrity": "sha512-7wXrgfq1oldKdBfCKen4XmSlDmQR+4o0CQ3WnnLfhQaEtI65xJ774yyQF6dD2CC+hHdW2LFKVXgH5NZRbMQ8Sg==",
      "requires": {}
    },
    "@vanilla-extract/sprinkles": {
      "version": "1.5.1",
      "resolved": "https://registry.npmjs.org/@vanilla-extract/sprinkles/-/sprinkles-1.5.1.tgz",
      "integrity": "sha512-xPYpeEZEC1mhiPqWCBPGdIHkpFaaQIbaAfG9W2JyIW0byqTP7CoaxdYNMPjhZuoV5lkTI14SJg8Bt+fZqmV5yQ==",
      "requires": {}
    },
    "ahocorasick": {
      "version": "1.0.2",
      "resolved": "https://registry.npmjs.org/ahocorasick/-/ahocorasick-1.0.2.tgz",
      "integrity": "sha512-hCOfMzbFx5IDutmWLAt6MZwOUjIfSM9G9FyVxytmE4Rs/5YDPWQrD/+IR1w+FweD9H2oOZEnv36TmkjhNURBVA=="
    },
    "ansi-styles": {
      "version": "4.3.0",
      "resolved": "https://registry.npmjs.org/ansi-styles/-/ansi-styles-4.3.0.tgz",
      "integrity": "sha512-zbB9rCJAT1rbjiVDb2hqKFHNYLxgtk8NURxZ3IZwD3F6NtxbXZQCnnSi1Lkx+IDohdPlFp222wVALIheZJQSEg==",
      "requires": {
        "color-convert": "^2.0.1"
      }
    },
    "chalk": {
      "version": "4.1.2",
      "resolved": "https://registry.npmjs.org/chalk/-/chalk-4.1.2.tgz",
      "integrity": "sha512-oKnbhFyRIXpUuez8iBMmyEa4nbj4IOQyuhc/wy9kY7/WVPcwIO9VA668Pu8RkO7+0G76SLROeyw9CpQ061i4mA==",
      "requires": {
        "ansi-styles": "^4.1.0",
        "supports-color": "^7.1.0"
      }
    },
    "color-convert": {
      "version": "2.0.1",
      "resolved": "https://registry.npmjs.org/color-convert/-/color-convert-2.0.1.tgz",
      "integrity": "sha512-RRECPsj7iu/xb5oKYcsFHSppFNnsj/52OVTRKb4zP5onXwVF3zVmmToNcOfGC+CRDpfK/U584fMg38ZHCaElKQ==",
      "requires": {
        "color-name": "~1.1.4"
      }
    },
    "color-name": {
      "version": "1.1.4",
      "resolved": "https://registry.npmjs.org/color-name/-/color-name-1.1.4.tgz",
      "integrity": "sha512-dOy+3AuW3a2wNbZHIuMZpTcgjGuLU/uBL/ubcZF9OXbDo8ff4O8yVp5Bf0efS8uEoYo5q4Fx7dY9OgQGXgAsQA=="
    },
    "css-what": {
      "version": "5.1.0",
      "resolved": "https://registry.npmjs.org/css-what/-/css-what-5.1.0.tgz",
      "integrity": "sha512-arSMRWIIFY0hV8pIxZMEfmMI47Wj3R/aWpZDDxWYCPEiOMv6tfOrnpDtgxBYPEQD4V0Y/958+1TdC3iWTFcUPw=="
    },
    "cssesc": {
      "version": "3.0.0",
      "resolved": "https://registry.npmjs.org/cssesc/-/cssesc-3.0.0.tgz",
      "integrity": "sha512-/Tb/JcjK111nNScGob5MNtsntNM1aCNUDipB/TkwZFhyDrrE47SOx/18wF2bbjgc3ZzCSKW1T5nt5EbFoAz/Vg=="
    },
    "csstype": {
      "version": "3.1.1",
      "resolved": "https://registry.npmjs.org/csstype/-/csstype-3.1.1.tgz",
      "integrity": "sha512-DJR/VvkAvSZW9bTouZue2sSxDwdTN92uHjqeKVm+0dAqdfNykRzQ95tay8aXMBAAPpUiq4Qcug2L7neoRh2Egw=="
    },
    "deep-object-diff": {
      "version": "1.1.9",
      "resolved": "https://registry.npmjs.org/deep-object-diff/-/deep-object-diff-1.1.9.tgz",
      "integrity": "sha512-Rn+RuwkmkDwCi2/oXOFS9Gsr5lJZu/yTGpK7wAaAIE75CC+LCGEZHpY6VQJa/RoJcrmaA/docWJZvYohlNkWPA=="
    },
    "deepmerge": {
      "version": "4.2.2",
      "resolved": "https://registry.npmjs.org/deepmerge/-/deepmerge-4.2.2.tgz",
      "integrity": "sha512-FJ3UgI4gIl+PHZm53knsuSFpE+nESMr7M4v9QcgB7S63Kj/6WqMiFQJpBBYz1Pt+66bZpP3Q7Lye0Oo9MPKEdg=="
    },
    "has-flag": {
      "version": "4.0.0",
      "resolved": "https://registry.npmjs.org/has-flag/-/has-flag-4.0.0.tgz",
      "integrity": "sha512-EykJT/Q1KjTWctppgIAgfSO0tKVuZUjhgMr17kqTumMl6Afv3EISleU7qZUzoXDFTAHTDC4NOoG/ZxU3EvlMPQ=="
    },
    "media-query-parser": {
      "version": "2.0.2",
      "resolved": "https://registry.npmjs.org/media-query-parser/-/media-query-parser-2.0.2.tgz",
      "integrity": "sha512-1N4qp+jE0pL5Xv4uEcwVUhIkwdUO3S/9gML90nqKA7v7FcOS5vUtatfzok9S9U1EJU8dHWlcv95WLnKmmxZI9w==",
      "requires": {
        "@babel/runtime": "^7.12.5"
      }
    },
    "outdent": {
      "version": "0.8.0",
      "resolved": "https://registry.npmjs.org/outdent/-/outdent-0.8.0.tgz",
      "integrity": "sha512-KiOAIsdpUTcAXuykya5fnVVT+/5uS0Q1mrkRHcF89tpieSmY33O/tmc54CqwA+bfhbtEfZUNLHaPUiB9X3jt1A=="
    },
    "regenerator-runtime": {
      "version": "0.13.11",
      "resolved": "https://registry.npmjs.org/regenerator-runtime/-/regenerator-runtime-0.13.11.tgz",
      "integrity": "sha512-kY1AZVr2Ra+t+piVaJ4gxaFaReZVH40AKNo7UCX6W+dEwBo/2oZJzqfuN1qLq1oL45o56cPaTXELwrTh8Fpggg=="
    },
    "supports-color": {
      "version": "7.2.0",
      "resolved": "https://registry.npmjs.org/supports-color/-/supports-color-7.2.0.tgz",
      "integrity": "sha512-qpCAvRl9stuOHveKsn7HncJRvv501qIacKzQlO/+Lwxc9+0q2wLyv4Dfvt80/DPn2pqOBsJdDiogXGR9+OvwRw==",
      "requires": {
        "has-flag": "^4.0.0"
      }
    }
  }
}
